
Microsoft Visual Studio Solution File, Format Version 12.00
# Visual Studio Version 17
VisualStudioVersion = 17.7.34202.233
MinimumVisualStudioVersion = 10.0.40219.1
Project("{FAE04EC0-301F-11D3-BF4B-00C04F79EFBC}") = "Beblio.API", "Beblio.API\Beblio.API.csproj", "{3DA8A09E-2157-45D7-8151-A9F77DE0E86D}"
EndProject
Project("{FAE04EC0-301F-11D3-BF4B-00C04F79EFBC}") = "Beblio.Application", "Beblio.Application\Beblio.Application.csproj", "{4923431E-1E87-4FFA-823D-3E6C318CDB91}"
EndProject
Project("{FAE04EC0-301F-11D3-BF4B-00C04F79EFBC}") = "Beblio.Domain", "Beblio.Domain\Beblio.Domain.csproj", "{ABCC4821-DA07-4F29-88F9-2F0BE0A57EA2}"
EndProject
Project("{FAE04EC0-301F-11D3-BF4B-00C04F79EFBC}") = "Beblio.infrastructure", "Beblio.infrastructure\Beblio.infrastructure.csproj", "{40A2EE47-6B25-4A97-884B-4890FFA6C91B}"
EndProject
Global
	GlobalSection(SolutionConfigurationPlatforms) = preSolution
		Debug|Any CPU = Debug|Any CPU
		Release|Any CPU = Release|Any CPU
	EndGlobalSection
	GlobalSection(ProjectConfigurationPlatforms) = postSolution
		{3DA8A09E-2157-45D7-8151-A9F77DE0E86D}.Debug|Any CPU.ActiveCfg = Debug|Any CPU
		{3DA8A09E-2157-45D7-8151-A9F77DE0E86D}.Debug|Any CPU.Build.0 = Debug|Any CPU
		{3DA8A09E-2157-45D7-8151-A9F77DE0E86D}.Release|Any CPU.ActiveCfg = Release|Any CPU
		{3DA8A09E-2157-45D7-8151-A9F77DE0E86D}.Release|Any CPU.Build.0 = Release|Any CPU
		{4923431E-1E87-4FFA-823D-3E6C318CDB91}.Debug|Any CPU.ActiveCfg = Debug|Any CPU
		{4923431E-1E87-4FFA-823D-3E6C318CDB91}.Debug|Any CPU.Build.0 = Debug|Any CPU
		{4923431E-1E87-4FFA-823D-3E6C318CDB91}.Release|Any CPU.ActiveCfg = Release|Any CPU
		{4923431E-1E87-4FFA-823D-3E6C318CDB91}.Release|Any CPU.Build.0 = Release|Any CPU
		{ABCC4821-DA07-4F29-88F9-2F0BE0A57EA2}.Debug|Any CPU.ActiveCfg = Debug|Any CPU
		{ABCC4821-DA07-4F29-88F9-2F0BE0A57EA2}.Debug|Any CPU.Build.0 = Debug|Any CPU
		{ABCC4821-DA07-4F29-88F9-2F0BE0A57EA2}.Release|Any CPU.ActiveCfg = Release|Any CPU
		{ABCC4821-DA07-4F29-88F9-2F0BE0A57EA2}.Release|Any CPU.Build.0 = Release|Any CPU
		{40A2EE47-6B25-4A97-884B-4890FFA6C91B}.Debug|Any CPU.ActiveCfg = Debug|Any CPU
		{40A2EE47-6B25-4A97-884B-4890FFA6C91B}.Debug|Any CPU.Build.0 = Debug|Any CPU
		{40A2EE47-6B25-4A97-884B-4890FFA6C91B}.Release|Any CPU.ActiveCfg = Release|Any CPU
		{40A2EE47-6B25-4A97-884B-4890FFA6C91B}.Release|Any CPU.Build.0 = Release|Any CPU
	EndGlobalSection
	GlobalSection(SolutionProperties) = preSolution
		HideSolutionNode = FALSE
	EndGlobalSection
	GlobalSection(ExtensibilityGlobals) = postSolution
		SolutionGuid = {15FD13C5-9164-4A84-896E-99F893D4EB5A}
	EndGlobalSection
EndGlobal
